
Microsoft Visual Studio Solution File, Format Version 12.00
# Visual Studio Version 17
VisualStudioVersion = 17.7.34031.279
MinimumVisualStudioVersion = 10.0.40219.1
Project("{FAE04EC0-301F-11D3-BF4B-00C04F79EFBC}") = "CustomerCRUD", "CustomerCRUD\CustomerCRUD.csproj", "{C1660C5C-3034-4B80-B632-115315E1C062}"
EndProject
Global
	GlobalSection(SolutionConfigurationPlatforms) = preSolution
		Debug|Any CPU = Debug|Any CPU
		Release|Any CPU = Release|Any CPU
	EndGlobalSection
	GlobalSection(ProjectConfigurationPlatforms) = postSolution
		{C1660C5C-3034-4B80-B632-115315E1C062}.Debug|Any CPU.ActiveCfg = Debug|Any CPU
		{C1660C5C-3034-4B80-B632-115315E1C062}.Debug|Any CPU.Build.0 = Debug|Any CPU
		{C1660C5C-3034-4B80-B632-115315E1C062}.Release|Any CPU.ActiveCfg = Release|Any CPU
		{C1660C5C-3034-4B80-B632-115315E1C062}.Release|Any CPU.Build.0 = Release|Any CPU
	EndGlobalSection
	GlobalSection(SolutionProperties) = preSolution
		HideSolutionNode = FALSE
	EndGlobalSection
	GlobalSection(ExtensibilityGlobals) = postSolution
		SolutionGuid = {7CA5A864-7B52-4C62-8266-D64602A75DC8}
	EndGlobalSection
EndGlobal
